
Microsoft Visual Studio Solution File, Format Version 12.00
# Visual Studio Version 16
VisualStudioVersion = 16.0.30621.155
MinimumVisualStudioVersion = 10.0.40219.1
Project("{9A19103F-16F7-4668-BE54-9A1E7A4F7556}") = "api", "api\api.csproj", "{F32A0D32-263C-4412-A042-BC2CCE3AFD5C}"
EndProject
Project("{2150E333-8FDC-42A3-9474-1A3956D46DE8}") = "Solution Items", "Solution Items", "{671FFD36-42CE-467C-988C-5F6C1F35DB61}"
	ProjectSection(SolutionItems) = preProject
		.gitignore = .gitignore
	EndProjectSection
EndProject
Global
	GlobalSection(SolutionConfigurationPlatforms) = preSolution
		Debug|Any CPU = Debug|Any CPU
		Release|Any CPU = Release|Any CPU
	EndGlobalSection
	GlobalSection(ProjectConfigurationPlatforms) = postSolution
		{F32A0D32-263C-4412-A042-BC2CCE3AFD5C}.Debug|Any CPU.ActiveCfg = Debug|Any CPU
		{F32A0D32-263C-4412-A042-BC2CCE3AFD5C}.Debug|Any CPU.Build.0 = Debug|Any CPU
		{F32A0D32-263C-4412-A042-BC2CCE3AFD5C}.Release|Any CPU.ActiveCfg = Release|Any CPU
		{F32A0D32-263C-4412-A042-BC2CCE3AFD5C}.Release|Any CPU.Build.0 = Release|Any CPU
	EndGlobalSection
	GlobalSection(SolutionProperties) = preSolution
		HideSolutionNode = FALSE
	EndGlobalSection
	GlobalSection(ExtensibilityGlobals) = postSolution
		SolutionGuid = {BD5E2532-E641-4384-A883-6AFC820225FF}
	EndGlobalSection
EndGlobal
